PODS:
  - OpenSSL-Apple (1.1.1l.11)
  - SwiftyBeaver (1.9.5)

DEPENDENCIES:
  - OpenSSL-Apple (~> 1.1.1l.11)
  - SwiftyBeaver

SPEC REPOS:
  https://github.com/CocoaPods/Specs.git:
    - OpenSSL-Apple
    - SwiftyBeaver

SPEC CHECKSUMS:
  OpenSSL-Apple: fb93d9a7ce4529054764ce19bb80947a38aee09b
  SwiftyBeaver: 84069991dd5dca07d7069100985badaca7f0ce82

PODFILE CHECKSUM: acb440e8c365ee318f02b159fee4a173163fa454

COCOAPODS: 1.11.2
